
Microsoft Visual Studio Solution File, Format Version 12.00
Project("{FAE04EC0-301F-11D3-BF4B-00C04F79EFBC}") = "saab", "saab\saab.csproj", "{5B46352B-3428-475E-8A15-9684BA451813}"
EndProject
Global
	GlobalSection(SolutionConfigurationPlatforms) = preSolution
		Debug|Any CPU = Debug|Any CPU
		Release|Any CPU = Release|Any CPU
	EndGlobalSection
	GlobalSection(ProjectConfigurationPlatforms) = postSolution
		{5B46352B-3428-475E-8A15-9684BA451813}.Debug|Any CPU.ActiveCfg = Debug|Any CPU
		{5B46352B-3428-475E-8A15-9684BA451813}.Debug|Any CPU.Build.0 = Debug|Any CPU
		{5B46352B-3428-475E-8A15-9684BA451813}.Release|Any CPU.ActiveCfg = Release|Any CPU
		{5B46352B-3428-475E-8A15-9684BA451813}.Release|Any CPU.Build.0 = Release|Any CPU
	EndGlobalSection
EndGlobal
